# THIS IS AN AUTOGENERATED FILE. DO NOT EDIT THIS FILE DIRECTLY.
# yarn lockfile v1


"@babel/runtime@^7.3.1", "@babel/runtime@^7.4.5":
  version "7.4.5"
  resolved "https://registry.yarnpkg.com/@babel/runtime/-/runtime-7.4.5.tgz#582bb531f5f9dc67d2fcb682979894f75e253f12"
  integrity sha512-TuI4qpWZP6lGOGIuGWtp9sPluqYICmbk8T/1vpSysqJxRPkudh/ofFWyqdcMsDf2s7KvDL4/YHgKyvcS3g9CJQ==
  dependencies:
    regenerator-runtime "^0.13.2"

final-form@^4.13.1:
  version "4.13.1"
  resolved "https://registry.yarnpkg.com/final-form/-/final-form-4.13.1.tgz#5893b1fe490a36198b219b351eec135d7394cdcf"
  integrity sha512-9bTIY68bKn6rIcyolFZlUqK1odlRXpi30C5CazJ5gUZpoMkeDAeb53FQ3gv37eX1zWtQtydgwD5ZAwZB5EGoGg==
  dependencies:
    "@babel/runtime" "^7.3.1"

react-final-form@^6.0.1:
  version "6.0.1"
  resolved "https://registry.yarnpkg.com/react-final-form/-/react-final-form-6.0.1.tgz#7be4e42b05db065c511d566c5db535f5c9081a1b"
  integrity sha512-5neRoPwGIQY0Ty6sOm0XxmqAi7upxqVgFt8ZdFGNaHa3krLVtQe85hsWKO3H4tabYmmw9KQfTT+NMflsou3yZQ==
  dependencies:
    "@babel/runtime" "^7.4.5"
    ts-essentials "^2.0.2"

regenerator-runtime@^0.13.2:
  version "0.13.2"
  resolved "https://registry.yarnpkg.com/regenerator-runtime/-/regenerator-runtime-0.13.2.tgz#32e59c9a6fb9b1a4aff09b4930ca2d4477343447"
  integrity sha512-S/TQAZJO+D3m9xeN1WTI8dLKBBiRgXBlTJvbWjCThHWZj9EvHK70Ff50/tYj2J/fvBY6JtFVwRuazHN2E7M9BA==

ts-essentials@^2.0.2:
  version "2.0.7"
  resolved "https://registry.yarnpkg.com/ts-essentials/-/ts-essentials-2.0.7.tgz#f2bcc9d747289ffa8076727a7067f673f4e6d0f2"
  integrity sha512-ptWcvcbgD7geud/+OVNPklmhpdsSZa7diUJk3ly/wJH2975h1ozzbGAyxH/kj3wjyZre08QE9lSfbLOZpngjaw==
